// !$*UTF8*$!
{
	archiveVersion = 1;
	classes = {
	};
	objectVersion = 55;
	objects = {

/* Begin PBXBuildFile section */
		EA33B79C2A933F15005C6D87 /* CircleView.swift in Sources */ = {isa = PBXBuildFile; fileRef = EA33B79B2A933F15005C6D87 /* CircleView.swift */; };
		EA33B79E2A9341CB005C6D87 /* Holeview.swift in Sources */ = {isa = PBXBuildFile; fileRef = EA33B79D2A9341CB005C6D87 /* Holeview.swift */; };
		EA33B7A02A9346CD005C6D87 /* Timerview.swift in Sources */ = {isa = PBXBuildFile; fileRef = EA33B79F2A9346CD005C6D87 /* Timerview.swift */; };
		EA33B7A32A937E83005C6D87 /* OraView.swift in Sources */ = {isa = PBXBuildFile; fileRef = EA33B7A22A937E82005C6D87 /* OraView.swift */; };
		EA3C205B286A40150003DD84 /* clockviewApp.swift in Sources */ = {isa = PBXBuildFile; fileRef = EA3C205A286A40150003DD84 /* clockviewApp.swift */; };
		EA3C205D286A40150003DD84 /* ContentView.swift in Sources */ = {isa = PBXBuildFile; fileRef = EA3C205C286A40150003DD84 /* ContentView.swift */; };
		EA3C205F286A40160003DD84 /* Assets.xcassets in Resources */ = {isa = PBXBuildFile; fileRef = EA3C205E286A40160003DD84 /* Assets.xcassets */; };
		EA3C2062286A40160003DD84 /* Preview Assets.xcassets in Resources */ = {isa = PBXBuildFile; fileRef = EA3C2061286A40160003DD84 /* Preview Assets.xcassets */; };
/* End PBXBuildFile section */

/* Begin PBXFileReference section */
		EA33B79B2A933F15005C6D87 /* CircleView.swift */ = {isa = PBXFileReference; lastKnownFileType = sourcecode.swift; path = CircleView.swift; sourceTree = "<group>"; };
		EA33B79D2A9341CB005C6D87 /* Holeview.swift */ = {isa = PBXFileReference; lastKnownFileType = sourcecode.swift; path = Holeview.swift; sourceTree = "<group>"; };
		EA33B79F2A9346CD005C6D87 /* Timerview.swift */ = {isa = PBXFileReference; lastKnownFileType = sourcecode.swift; path = Timerview.swift; sourceTree = "<group>"; };
		EA33B7A22A937E82005C6D87 /* OraView.swift */ = {isa = PBXFileReference; lastKnownFileType = sourcecode.swift; path = OraView.swift; sourceTree = "<group>"; };
		EA3C2057286A40150003DD84 /* clockview.app */ = {isa = PBXFileReference; explicitFileType = wrapper.application; includeInIndex = 0; path = clockview.app; sourceTree = BUILT_PRODUCTS_DIR; };
		EA3C205A286A40150003DD84 /* clockviewApp.swift */ = {isa = PBXFileReference; lastKnownFileType = sourcecode.swift; path = clockviewApp.swift; sourceTree = "<group>"; };
		EA3C205C286A40150003DD84 /* ContentView.swift */ = {isa = PBXFileReference; lastKnownFileType = sourcecode.swift; path = ContentView.swift; sourceTree = "<group>"; };
		EA3C205E286A40160003DD84 /* Assets.xcassets */ = {isa = PBXFileReference; lastKnownFileType = folder.assetcatalog; path = Assets.xcassets; sourceTree = "<group>"; };
		EA3C2061286A40160003DD84 /* Preview Assets.xcassets */ = {isa = PBXFileReference; lastKnownFileType = folder.assetcatalog; path = "Preview Assets.xcassets"; sourceTree = "<group>"; };
/* End PBXFileReference section */

/* Begin PBXFrameworksBuildPhase section */
		EA3C2054286A40150003DD84 /* Frameworks */ = {
			isa = PBXFrameworksBuildPhase;
			buildActionMask = 2147483647;
			files = (
			);
			runOnlyForDeploymentPostprocessing = 0;
		};
/* End PBXFrameworksBuildPhase section */

/* Begin PBXGroup section */
		EA33B7A12A935C49005C6D87 /* Views */ = {
			isa = PBXGroup;
			children = (
				EA33B79F2A9346CD005C6D87 /* Timerview.swift */,
				EA33B79B2A933F15005C6D87 /* CircleView.swift */,
				EA33B79D2A9341CB005C6D87 /* Holeview.swift */,
				EA33B7A22A937E82005C6D87 /* OraView.swift */,
			);
			path = Views;
			sourceTree = "<group>";
		};
		EA3C204E286A40150003DD84 = {
			isa = PBXGroup;
			children = (
				EA3C2059286A40150003DD84 /* clockview */,
				EA3C2058286A40150003DD84 /* Products */,
			);
			sourceTree = "<group>";
		};
		EA3C2058286A40150003DD84 /* Products */ = {
			isa = PBXGroup;
			children = (
				EA3C2057286A40150003DD84 /* clockview.app */,
			);
			name = Products;
			sourceTree = "<group>";
		};
		EA3C2059286A40150003DD84 /* clockview */ = {
			isa = PBXGroup;
			children = (
				EA3C205A286A40150003DD84 /* clockviewApp.swift */,
				EA3C205C286A40150003DD84 /* ContentView.swift */,
				EA33B7A12A935C49005C6D87 /* Views */,
				EA3C205E286A40160003DD84 /* Assets.xcassets */,
				EA3C2060286A40160003DD84 /* Preview Content */,
			);
			path = clockview;
			sourceTree = "<group>";
		};
		EA3C2060286A40160003DD84 /* Preview Content */ = {
			isa = PBXGroup;
			children = (
				EA3C2061286A40160003DD84 /* Preview Assets.xcassets */,
			);
			path = "Preview Content";
			sourceTree = "<group>";
		};
/* End PBXGroup section */

/* Begin PBXNativeTarget section */
		EA3C2056286A40150003DD84 /* clockview */ = {
			isa = PBXNativeTarget;
			buildConfigurationList = EA3C2065286A40160003DD84 /* Build configuration list for PBXNativeTarget "clockview" */;
			buildPhases = (
				EA3C2053286A40150003DD84 /* Sources */,
				EA3C2054286A40150003DD84 /* Frameworks */,
				EA3C2055286A40150003DD84 /* Resources */,
			);
			buildRules = (
			);
			dependencies = (
			);
			name = clockview;
			productName = clockview;
			productReference = EA3C2057286A40150003DD84 /* clockview.app */;
			productType = "com.apple.product-type.application";
		};
/* End PBXNativeTarget section */

/* Begin PBXProject section */
		EA3C204F286A40150003DD84 /* Project object */ = {
			isa = PBXProject;
			attributes = {
				BuildIndependentTargetsInParallel = 1;
				LastSwiftUpdateCheck = 1340;
				LastUpgradeCheck = 1340;
				TargetAttributes = {
					EA3C2056286A40150003DD84 = {
						CreatedOnToolsVersion = 13.4.1;
					};
				};
			};
			buildConfigurationList = EA3C2052286A40150003DD84 /* Build configuration list for PBXProject "clockview" */;
			compatibilityVersion = "Xcode 13.0";
			developmentRegion = en;
			hasScannedForEncodings = 0;
			knownRegions = (
				en,
				Base,
			);
			mainGroup = EA3C204E286A40150003DD84;
			productRefGroup = EA3C2058286A40150003DD84 /* Products */;
			projectDirPath = "";
			projectRoot = "";
			targets = (
				EA3C2056286A40150003DD84 /* clockview */,
			);
		};
/* End PBXProject section */

/* Begin PBXResourcesBuildPhase section */
		EA3C2055286A40150003DD84 /* Resources */ = {
			isa = PBXResourcesBuildPhase;
			buildActionMask = 2147483647;
			files = (
				EA3C2062286A40160003DD84 /* Preview Assets.xcassets in Resources */,
				EA3C205F286A40160003DD84 /* Assets.xcassets in Resources */,
			);
			runOnlyForDeploymentPostprocessing = 0;
		};
/* End PBXResourcesBuildPhase section */

/* Begin PBXSourcesBuildPhase section */
		EA3C2053286A40150003DD84 /* Sources */ = {
			isa = PBXSourcesBuildPhase;
			buildActionMask = 2147483647;
			files = (
				EA33B79E2A9341CB005C6D87 /* Holeview.swift in Sources */,
				EA33B79C2A933F15005C6D87 /* CircleView.swift in Sources */,
				EA33B7A02A9346CD005C6D87 /* Timerview.swift in Sources */,
				EA3C205D286A40150003DD84 /* ContentView.swift in Sources */,
				EA3C205B286A40150003DD84 /* clockviewApp.swift in Sources */,
				EA33B7A32A937E83005C6D87 /* OraView.swift in Sources */,
			);
			runOnlyForDeploymentPostprocessing = 0;
		};
/* End PBXSourcesBuildPhase section */

/* Begin XCBuildConfiguration section */
		EA3C2063286A40160003DD84 /* Debug */ = {
			isa = XCBuildConfiguration;
			buildSettings = {
				ALWAYS_SEARCH_USER_PATHS = NO;
				CLANG_ANALYZER_NONNULL = YES;
				CLANG_ANALYZER_NUMBER_OBJECT_CONVERSION = YES_AGGRESSIVE;
				CLANG_CXX_LANGUAGE_STANDARD = "gnu++17";
				CLANG_ENABLE_MODULES = YES;
				CLANG_ENABLE_OBJC_ARC = YES;
				CLANG_ENABLE_OBJC_WEAK = YES;
				CLANG_WARN_BLOCK_CAPTURE_AUTORELEASING = YES;
				CLANG_WARN_BOOL_CONVERSION = YES;
				CLANG_WARN_COMMA = YES;
				CLANG_WARN_CONSTANT_CONVERSION = YES;
				CLANG_WARN_DEPRECATED_OBJC_IMPLEMENTATIONS = YES;
				CLANG_WARN_DIRECT_OBJC_ISA_USAGE = YES_ERROR;
				CLANG_WARN_DOCUMENTATION_COMMENTS = YES;
				CLANG_WARN_EMPTY_BODY = YES;
				CLANG_WARN_ENUM_CONVERSION = YES;
				CLANG_WARN_INFINITE_RECURSION = YES;
				CLANG_WARN_INT_CONVERSION = YES;
				CLANG_WARN_NON_LITERAL_NULL_CONVERSION = YES;
				CLANG_WARN_OBJC_IMPLICIT_RETAIN_SELF = YES;
				CLANG_WARN_OBJC_LITERAL_CONVERSION = YES;
				CLANG_WARN_OBJC_ROOT_CLASS = YES_ERROR;
				CLANG_WARN_QUOTED_INCLUDE_IN_FRAMEWORK_HEADER = YES;
				CLANG_WARN_RANGE_LOOP_ANALYSIS = YES;
				CLANG_WARN_STRICT_PROTOTYPES = YES;
				CLANG_WARN_SUSPICIOUS_MOVE = YES;
				CLANG_WARN_UNGUARDED_AVAILABILITY = YES_AGGRESSIVE;
				CLANG_WARN_UNREACHABLE_CODE = YES;
				CLANG_WARN__DUPLICATE_METHOD_MATCH = YES;
				COPY_PHASE_STRIP = NO;
				DEBUG_INFORMATION_FORMAT = dwarf;
				ENABLE_STRICT_OBJC_MSGSEND = YES;
				ENABLE_TESTABILITY = YES;
				GCC_C_LANGUAGE_STANDARD = gnu11;
				GCC_DYNAMIC_NO_PIC = NO;
				GCC_NO_COMMON_BLOCKS = YES;
				GCC_OPTIMIZATION_LEVEL = 0;
				GCC_PREPROCESSOR_DEFINITIONS = (
					"DEBUG=1",
					"$(inherited)",
				);
				GCC_WARN_64_TO_32_BIT_CONVERSION = YES;
				GCC_WARN_ABOUT_RETURN_TYPE = YES_ERROR;
				GCC_WARN_UNDECLARED_SELECTOR = YES;
				GCC_WARN_UNINITIALIZED_AUTOS = YES_AGGRESSIVE;
				GCC_WARN_UNUSED_FUNCTION = YES;
				GCC_WARN_UNUSED_VARIABLE = YES;
				IPHONEOS_DEPLOYMENT_TARGET = 15.5;
				MTL_ENABLE_DEBUG_INFO = INCLUDE_SOURCE;
				MTL_FAST_MATH = YES;
				ONLY_ACTIVE_ARCH = YES;
				SDKROOT = iphoneos;
				SWIFT_ACTIVE_COMPILATION_CONDITIONS = DEBUG;
				SWIFT_OPTIMIZATION_LEVEL = "-Onone";
			};
			name = Debug;
		};
		EA3C2064286A40160003DD84 /* Release */ = {
			isa = XCBuildConfiguration;
			buildSettings = {
				ALWAYS_SEARCH_USER_PATHS = NO;
				CLANG_ANALYZER_NONNULL = YES;
				CLANG_ANALYZER_NUMBER_OBJECT_CONVERSION = YES_AGGRESSIVE;
				CLANG_CXX_LANGUAGE_STANDARD = "gnu++17";
				CLANG_ENABLE_MODULES = YES;
				CLANG_ENABLE_OBJC_ARC = YES;
				CLANG_ENABLE_OBJC_WEAK = YES;
				CLANG_WARN_BLOCK_CAPTURE_AUTORELEASING = YES;
				CLANG_WARN_BOOL_CONVERSION = YES;
				CLANG_WARN_COMMA = YES;
				CLANG_WARN_CONSTANT_CONVERSION = YES;
				CLANG_WARN_DEPRECATED_OBJC_IMPLEMENTATIONS = YES;
				CLANG_WARN_DIRECT_OBJC_ISA_USAGE = YES_ERROR;
				CLANG_WARN_DOCUMENTATION_COMMENTS = YES;
				CLANG_WARN_EMPTY_BODY = YES;
				CLANG_WARN_ENUM_CONVERSION = YES;
				CLANG_WARN_INFINITE_RECURSION = YES;
				CLANG_WARN_INT_CONVERSION = YES;
				CLANG_WARN_NON_LITERAL_NULL_CONVERSION = YES;
				CLANG_WARN_OBJC_IMPLICIT_RETAIN_SELF = YES;
				CLANG_WARN_OBJC_LITERAL_CONVERSION = YES;
				CLANG_WARN_OBJC_ROOT_CLASS = YES_ERROR;
				CLANG_WARN_QUOTED_INCLUDE_IN_FRAMEWORK_HEADER = YES;
				CLANG_WARN_RANGE_LOOP_ANALYSIS = YES;
				CLANG_WARN_STRICT_PROTOTYPES = YES;
				CLANG_WARN_SUSPICIOUS_MOVE = YES;
				CLANG_WARN_UNGUARDED_AVAILABILITY = YES_AGGRESSIVE;
				CLANG_WARN_UNREACHABLE_CODE = YES;
				CLANG_WARN__DUPLICATE_METHOD_MATCH = YES;
				COPY_PHASE_STRIP = NO;
				DEBUG_INFORMATION_FORMAT = "dwarf-with-dsym";
				ENABLE_NS_ASSERTIONS = NO;
				ENABLE_STRICT_OBJC_MSGSEND = YES;
				GCC_C_LANGUAGE_STANDARD = gnu11;
				GCC_NO_COMMON_BLOCKS = YES;
				GCC_WARN_64_TO_32_BIT_CONVERSION = YES;
				GCC_WARN_ABOUT_RETURN_TYPE = YES_ERROR;
				GCC_WARN_UNDECLARED_SELECTOR = YES;
				GCC_WARN_UNINITIALIZED_AUTOS = YES_AGGRESSIVE;
				GCC_WARN_UNUSED_FUNCTION = YES;
				GCC_WARN_UNUSED_VARIABLE = YES;
				IPHONEOS_DEPLOYMENT_TARGET = 15.5;
				MTL_ENABLE_DEBUG_INFO = NO;
				MTL_FAST_MATH = YES;
				SDKROOT = iphoneos;
				SWIFT_COMPILATION_MODE = wholemodule;
				SWIFT_OPTIMIZATION_LEVEL = "-O";
				VALIDATE_PRODUCT = YES;
			};
			name = Release;
		};
		EA3C2066286A40160003DD84 /* Debug */ = {
			isa = XCBuildConfiguration;
			buildSettings = {
				ASSETCATALOG_COMPILER_APPICON_NAME = AppIcon;
				ASSETCATALOG_COMPILER_GLOBAL_ACCENT_COLOR_NAME = AccentColor;
				ASSETCATALOG_COMPILER_INCLUDE_ALL_APPICON_ASSETS = YES;
				CODE_SIGN_STYLE = Automatic;
				CURRENT_PROJECT_VERSION = 1;
				DEVELOPMENT_ASSET_PATHS = "\"clockview/Preview Content\"";
				DEVELOPMENT_TEAM = KS4D2HGV5Z;
				ENABLE_PREVIEWS = YES;
				GENERATE_INFOPLIST_FILE = YES;
				INFOPLIST_KEY_CFBundleDisplayName = NClock;
				INFOPLIST_KEY_LSApplicationCategoryType = "public.app-category.utilities";
				INFOPLIST_KEY_UIApplicationSceneManifest_Generation = YES;
				INFOPLIST_KEY_UIApplicationSupportsIndirectInputEvents = YES;
				INFOPLIST_KEY_UILaunchScreen_Generation = YES;
				INFOPLIST_KEY_UISupportedInterfaceOrientations_iPad = "UIInterfaceOrientationPortrait UIInterfaceOrientationPortraitUpsideDown UIInterfaceOrientationLandscapeLeft UIInterfaceOrientationLandscapeRight";
				INFOPLIST_KEY_UISupportedInterfaceOrientations_iPhone = "UIInterfaceOrientationPortrait UIInterfaceOrientationLandscapeLeft UIInterfaceOrientationLandscapeRight";
				LD_RUNPATH_SEARCH_PATHS = (
					"$(inherited)",
					"@executable_path/Frameworks",
				);
				MARKETING_VERSION = 1.0;
				PRODUCT_BUNDLE_IDENTIFIER = com.szmisi.clockview;
				PRODUCT_NAME = "$(TARGET_NAME)";
				SWIFT_EMIT_LOC_STRINGS = YES;
				SWIFT_VERSION = 5.0;
				TARGETED_DEVICE_FAMILY = "1,2";
			};
			name = Debug;
		};
		EA3C2067286A40160003DD84 /* Release */ = {
			isa = XCBuildConfiguration;
			buildSettings = {
				ASSETCATALOG_COMPILER_APPICON_NAME = AppIcon;
				ASSETCATALOG_COMPILER_GLOBAL_ACCENT_COLOR_NAME = AccentColor;
				ASSETCATALOG_COMPILER_INCLUDE_ALL_APPICON_ASSETS = YES;
				CODE_SIGN_STYLE = Automatic;
				CURRENT_PROJECT_VERSION = 1;
				DEVELOPMENT_ASSET_PATHS = "\"clockview/Preview Content\"";
				DEVELOPMENT_TEAM = KS4D2HGV5Z;
				ENABLE_PREVIEWS = YES;
				GENERATE_INFOPLIST_FILE = YES;
				INFOPLIST_KEY_CFBundleDisplayName = NClock;
				INFOPLIST_KEY_LSApplicationCategoryType = "public.app-category.utilities";
				INFOPLIST_KEY_UIApplicationSceneManifest_Generation = YES;
				INFOPLIST_KEY_UIApplicationSupportsIndirectInputEvents = YES;
				INFOPLIST_KEY_UILaunchScreen_Generation = YES;
				INFOPLIST_KEY_UISupportedInterfaceOrientations_iPad = "UIInterfaceOrientationPortrait UIInterfaceOrientationPortraitUpsideDown UIInterfaceOrientationLandscapeLeft UIInterfaceOrientationLandscapeRight";
				INFOPLIST_KEY_UISupportedInterfaceOrientations_iPhone = "UIInterfaceOrientationPortrait UIInterfaceOrientationLandscapeLeft UIInterfaceOrientationLandscapeRight";
				LD_RUNPATH_SEARCH_PATHS = (
					"$(inherited)",
					"@executable_path/Frameworks",
				);
				MARKETING_VERSION = 1.0;
				PRODUCT_BUNDLE_IDENTIFIER = com.szmisi.clockview;
				PRODUCT_NAME = "$(TARGET_NAME)";
				SWIFT_EMIT_LOC_STRINGS = YES;
				SWIFT_VERSION = 5.0;
				TARGETED_DEVICE_FAMILY = "1,2";
			};
			name = Release;
		};
/* End XCBuildConfiguration section */

/* Begin XCConfigurationList section */
		EA3C2052286A40150003DD84 /* Build configuration list for PBXProject "clockview" */ = {
			isa = XCConfigurationList;
			buildConfigurations = (
				EA3C2063286A40160003DD84 /* Debug */,
				EA3C2064286A40160003DD84 /* Release */,
			);
			defaultConfigurationIsVisible = 0;
			defaultConfigurationName = Release;
		};
		EA3C2065286A40160003DD84 /* Build configuration list for PBXNativeTarget "clockview" */ = {
			isa = XCConfigurationList;
			buildConfigurations = (
				EA3C2066286A40160003DD84 /* Debug */,
				EA3C2067286A40160003DD84 /* Release */,
			);
			defaultConfigurationIsVisible = 0;
			defaultConfigurationName = Release;
		};
/* End XCConfigurationList section */
	};
	rootObject = EA3C204F286A40150003DD84 /* Project object */;
}
